
Microsoft Visual Studio Solution File, Format Version 12.00
# Visual Studio Version 16
VisualStudioVersion = 16.0.31105.61
MinimumVisualStudioVersion = 10.0.40219.1
Project("{9A19103F-16F7-4668-BE54-9A1E7A4F7556}") = "PMAuth", "PMAuth.csproj", "{3413B135-E885-474B-855D-3FD68471F8BA}"
EndProject
Project("{FAE04EC0-301F-11D3-BF4B-00C04F79EFBC}") = "PMAuth.Tests", "PMAuth.Tests\PMAuth.Tests.csproj", "{962B49F0-25B8-45AB-A838-7E0BD364AA7E}"
EndProject
Global
	GlobalSection(SolutionConfigurationPlatforms) = preSolution
		Debug|Any CPU = Debug|Any CPU
		Release|Any CPU = Release|Any CPU
	EndGlobalSection
	GlobalSection(ProjectConfigurationPlatforms) = postSolution
		{3413B135-E885-474B-855D-3FD68471F8BA}.Debug|Any CPU.ActiveCfg = Debug|Any CPU
		{3413B135-E885-474B-855D-3FD68471F8BA}.Debug|Any CPU.Build.0 = Debug|Any CPU
		{3413B135-E885-474B-855D-3FD68471F8BA}.Release|Any CPU.ActiveCfg = Release|Any CPU
		{3413B135-E885-474B-855D-3FD68471F8BA}.Release|Any CPU.Build.0 = Release|Any CPU
		{962B49F0-25B8-45AB-A838-7E0BD364AA7E}.Debug|Any CPU.ActiveCfg = Debug|Any CPU
		{962B49F0-25B8-45AB-A838-7E0BD364AA7E}.Debug|Any CPU.Build.0 = Debug|Any CPU
		{962B49F0-25B8-45AB-A838-7E0BD364AA7E}.Release|Any CPU.ActiveCfg = Release|Any CPU
		{962B49F0-25B8-45AB-A838-7E0BD364AA7E}.Release|Any CPU.Build.0 = Release|Any CPU
	EndGlobalSection
	GlobalSection(SolutionProperties) = preSolution
		HideSolutionNode = FALSE
	EndGlobalSection
	GlobalSection(ExtensibilityGlobals) = postSolution
		SolutionGuid = {F125E8EB-6CDA-44EE-99B3-DE5B7198D5E2}
	EndGlobalSection
EndGlobal
